
Microsoft Visual Studio Solution File, Format Version 12.00
# Visual Studio Version 17
VisualStudioVersion = 17.9.34622.214
MinimumVisualStudioVersion = 10.0.40219.1
Project("{FAE04EC0-301F-11D3-BF4B-00C04F79EFBC}") = "Employee Management DevERP", "Employee Management DevERP\Employee Management DevERP.csproj", "{7A1610D1-961B-427E-B2D0-5245739670D7}"
EndProject
Global
	GlobalSection(SolutionConfigurationPlatforms) = preSolution
		Debug|Any CPU = Debug|Any CPU
		Release|Any CPU = Release|Any CPU
	EndGlobalSection
	GlobalSection(ProjectConfigurationPlatforms) = postSolution
		{7A1610D1-961B-427E-B2D0-5245739670D7}.Debug|Any CPU.ActiveCfg = Debug|Any CPU
		{7A1610D1-961B-427E-B2D0-5245739670D7}.Debug|Any CPU.Build.0 = Debug|Any CPU
		{7A1610D1-961B-427E-B2D0-5245739670D7}.Release|Any CPU.ActiveCfg = Release|Any CPU
		{7A1610D1-961B-427E-B2D0-5245739670D7}.Release|Any CPU.Build.0 = Release|Any CPU
	EndGlobalSection
	GlobalSection(SolutionProperties) = preSolution
		HideSolutionNode = FALSE
	EndGlobalSection
	GlobalSection(ExtensibilityGlobals) = postSolution
		SolutionGuid = {393B040D-6C34-41FC-A595-923C6D829530}
	EndGlobalSection
EndGlobal
